
Microsoft Visual Studio Solution File, Format Version 12.00
# Visual Studio 15
VisualStudioVersion = 15.0.27130.2026
MinimumVisualStudioVersion = 10.0.40219.1
Project("{9A19103F-16F7-4668-BE54-9A1E7A4F7556}") = "Gcode.Entity", "..\..\src\Gcode.Entity\Gcode.Entity.csproj", "{8E5EE2D8-FC1E-4409-B70D-1B86BF42262E}"
EndProject
Project("{FAE04EC0-301F-11D3-BF4B-00C04F79EFBC}") = "Gcode.TestSuite", "..\..\tools\TestSuite\Gcode.TestSuite\Gcode.TestSuite.csproj", "{50CC568E-8CD4-4082-A79A-DAF2E14FC2AB}"
EndProject
Project("{2150E333-8FDC-42A3-9474-1A3956D46DE8}") = "Test", "Test", "{B22665F5-5C15-4AE1-85D0-87A65BAB9530}"
EndProject
Project("{9A19103F-16F7-4668-BE54-9A1E7A4F7556}") = "Gcode.Utils", "..\..\src\Gcode.Utils\Gcode.Utils.csproj", "{A3027E9F-550E-4C1E-B10E-718CE4AAF89E}"
EndProject
Project("{9A19103F-16F7-4668-BE54-9A1E7A4F7556}") = "Common.Utils", "..\..\src\Common.Utils\Common.Utils.csproj", "{3FA7B5EF-5CF4-4291-A518-2D643BA10099}"
EndProject
Project("{2150E333-8FDC-42A3-9474-1A3956D46DE8}") = "Targets", "Targets", "{69BBAAAE-D6BC-4CE7-B760-2E65E82EC221}"
EndProject
Global
	GlobalSection(SolutionConfigurationPlatforms) = preSolution
		Debug|Any CPU = Debug|Any CPU
		Release|Any CPU = Release|Any CPU
	EndGlobalSection
	GlobalSection(ProjectConfigurationPlatforms) = postSolution
		{8E5EE2D8-FC1E-4409-B70D-1B86BF42262E}.Debug|Any CPU.ActiveCfg = Debug|Any CPU
		{8E5EE2D8-FC1E-4409-B70D-1B86BF42262E}.Debug|Any CPU.Build.0 = Debug|Any CPU
		{8E5EE2D8-FC1E-4409-B70D-1B86BF42262E}.Release|Any CPU.ActiveCfg = Release|Any CPU
		{8E5EE2D8-FC1E-4409-B70D-1B86BF42262E}.Release|Any CPU.Build.0 = Release|Any CPU
		{50CC568E-8CD4-4082-A79A-DAF2E14FC2AB}.Debug|Any CPU.ActiveCfg = Debug|Any CPU
		{50CC568E-8CD4-4082-A79A-DAF2E14FC2AB}.Debug|Any CPU.Build.0 = Debug|Any CPU
		{50CC568E-8CD4-4082-A79A-DAF2E14FC2AB}.Release|Any CPU.ActiveCfg = Release|Any CPU
		{50CC568E-8CD4-4082-A79A-DAF2E14FC2AB}.Release|Any CPU.Build.0 = Release|Any CPU
		{A3027E9F-550E-4C1E-B10E-718CE4AAF89E}.Debug|Any CPU.ActiveCfg = Debug|Any CPU
		{A3027E9F-550E-4C1E-B10E-718CE4AAF89E}.Debug|Any CPU.Build.0 = Debug|Any CPU
		{A3027E9F-550E-4C1E-B10E-718CE4AAF89E}.Release|Any CPU.ActiveCfg = Release|Any CPU
		{A3027E9F-550E-4C1E-B10E-718CE4AAF89E}.Release|Any CPU.Build.0 = Release|Any CPU
		{3FA7B5EF-5CF4-4291-A518-2D643BA10099}.Debug|Any CPU.ActiveCfg = Debug|Any CPU
		{3FA7B5EF-5CF4-4291-A518-2D643BA10099}.Debug|Any CPU.Build.0 = Debug|Any CPU
		{3FA7B5EF-5CF4-4291-A518-2D643BA10099}.Release|Any CPU.ActiveCfg = Release|Any CPU
		{3FA7B5EF-5CF4-4291-A518-2D643BA10099}.Release|Any CPU.Build.0 = Release|Any CPU
	EndGlobalSection
	GlobalSection(SolutionProperties) = preSolution
		HideSolutionNode = FALSE
	EndGlobalSection
	GlobalSection(NestedProjects) = preSolution
		{8E5EE2D8-FC1E-4409-B70D-1B86BF42262E} = {69BBAAAE-D6BC-4CE7-B760-2E65E82EC221}
		{50CC568E-8CD4-4082-A79A-DAF2E14FC2AB} = {B22665F5-5C15-4AE1-85D0-87A65BAB9530}
		{A3027E9F-550E-4C1E-B10E-718CE4AAF89E} = {69BBAAAE-D6BC-4CE7-B760-2E65E82EC221}
		{3FA7B5EF-5CF4-4291-A518-2D643BA10099} = {69BBAAAE-D6BC-4CE7-B760-2E65E82EC221}
	EndGlobalSection
	GlobalSection(ExtensibilityGlobals) = postSolution
		SolutionGuid = {6ECD3F50-79D9-4FE0-94C0-41754CDFE45D}
	EndGlobalSection
EndGlobal
